// !$*UTF8*$!
{
	archiveVersion = 1;
	classes = {
	};
	objectVersion = 50;
	objects = {

/* Begin PBXBuildFile section */
		23435B5126280C90005D2045 /* QualificationAppApp.swift in Sources */ = {isa = PBXBuildFile; fileRef = 23435B5026280C90005D2045 /* QualificationAppApp.swift */; };
		23435B5326280C90005D2045 /* ContentView.swift in Sources */ = {isa = PBXBuildFile; fileRef = 23435B5226280C90005D2045 /* ContentView.swift */; };
		23435B5526280C92005D2045 /* Assets.xcassets in Resources */ = {isa = PBXBuildFile; fileRef = 23435B5426280C92005D2045 /* Assets.xcassets */; };
		23435B5826280C92005D2045 /* Preview Assets.xcassets in Resources */ = {isa = PBXBuildFile; fileRef = 23435B5726280C92005D2045 /* Preview Assets.xcassets */; };
		23435B6126280CC2005D2045 /* QuizListView.swift in Sources */ = {isa = PBXBuildFile; fileRef = 23435B6026280CC2005D2045 /* QuizListView.swift */; };
		23435B692628175F005D2045 /* TFQuizView.swift in Sources */ = {isa = PBXBuildFile; fileRef = 23435B682628175F005D2045 /* TFQuizView.swift */; };
		23435B6D26281E67005D2045 /* ExplainView.swift in Sources */ = {isa = PBXBuildFile; fileRef = 23435B6C26281E67005D2045 /* ExplainView.swift */; };
		23435B7026281E87005D2045 /* ScoreView.swift in Sources */ = {isa = PBXBuildFile; fileRef = 23435B6F26281E87005D2045 /* ScoreView.swift */; };
		23435B822629646C005D2045 /* QuizData.swift in Sources */ = {isa = PBXBuildFile; fileRef = 23435B812629646C005D2045 /* QuizData.swift */; };
		23435B86262A822B005D2045 /* FourQuizView.swift in Sources */ = {isa = PBXBuildFile; fileRef = 23435B85262A822B005D2045 /* FourQuizView.swift */; };
		23435B89262A8307005D2045 /* FuncData.swift in Sources */ = {isa = PBXBuildFile; fileRef = 23435B88262A8307005D2045 /* FuncData.swift */; };
		23435B8C262A8556005D2045 /* QuestionModel.swift in Sources */ = {isa = PBXBuildFile; fileRef = 23435B8B262A8556005D2045 /* QuestionModel.swift */; };
		23435C45262ABD4A005D2045 /* HomeView.swift in Sources */ = {isa = PBXBuildFile; fileRef = 23435C44262ABD4A005D2045 /* HomeView.swift */; };
		23435C4B262AC04B005D2045 /* QuizViewModel.swift in Sources */ = {isa = PBXBuildFile; fileRef = 23435C4A262AC04B005D2045 /* QuizViewModel.swift */; };
		23435C51262C0A1A005D2045 /* QuestionData.swift in Sources */ = {isa = PBXBuildFile; fileRef = 23435C50262C0A1A005D2045 /* QuestionData.swift */; };
/* End PBXBuildFile section */

/* Begin PBXFileReference section */
		23435B4D26280C90005D2045 /* QualificationApp.app */ = {isa = PBXFileReference; explicitFileType = wrapper.application; includeInIndex = 0; path = QualificationApp.app; sourceTree = BUILT_PRODUCTS_DIR; };
		23435B5026280C90005D2045 /* QualificationAppApp.swift */ = {isa = PBXFileReference; lastKnownFileType = sourcecode.swift; path = QualificationAppApp.swift; sourceTree = "<group>"; };
		23435B5226280C90005D2045 /* ContentView.swift */ = {isa = PBXFileReference; lastKnownFileType = sourcecode.swift; path = ContentView.swift; sourceTree = "<group>"; };
		23435B5426280C92005D2045 /* Assets.xcassets */ = {isa = PBXFileReference; lastKnownFileType = folder.assetcatalog; path = Assets.xcassets; sourceTree = "<group>"; };
		23435B5726280C92005D2045 /* Preview Assets.xcassets */ = {isa = PBXFileReference; lastKnownFileType = folder.assetcatalog; path = "Preview Assets.xcassets"; sourceTree = "<group>"; };
		23435B5926280C92005D2045 /* Info.plist */ = {isa = PBXFileReference; lastKnownFileType = text.plist.xml; path = Info.plist; sourceTree = "<group>"; };
		23435B6026280CC2005D2045 /* QuizListView.swift */ = {isa = PBXFileReference; lastKnownFileType = sourcecode.swift; path = QuizListView.swift; sourceTree = "<group>"; };
		23435B682628175F005D2045 /* TFQuizView.swift */ = {isa = PBXFileReference; lastKnownFileType = sourcecode.swift; path = TFQuizView.swift; sourceTree = "<group>"; };
		23435B6C26281E67005D2045 /* ExplainView.swift */ = {isa = PBXFileReference; lastKnownFileType = sourcecode.swift; path = ExplainView.swift; sourceTree = "<group>"; };
		23435B6F26281E87005D2045 /* ScoreView.swift */ = {isa = PBXFileReference; lastKnownFileType = sourcecode.swift; path = ScoreView.swift; sourceTree = "<group>"; };
		23435B812629646C005D2045 /* QuizData.swift */ = {isa = PBXFileReference; lastKnownFileType = sourcecode.swift; path = QuizData.swift; sourceTree = "<group>"; };
		23435B85262A822B005D2045 /* FourQuizView.swift */ = {isa = PBXFileReference; lastKnownFileType = sourcecode.swift; path = FourQuizView.swift; sourceTree = "<group>"; };
		23435B88262A8307005D2045 /* FuncData.swift */ = {isa = PBXFileReference; lastKnownFileType = sourcecode.swift; path = FuncData.swift; sourceTree = "<group>"; };
		23435B8B262A8556005D2045 /* QuestionModel.swift */ = {isa = PBXFileReference; lastKnownFileType = sourcecode.swift; path = QuestionModel.swift; sourceTree = "<group>"; };
		23435C44262ABD4A005D2045 /* HomeView.swift */ = {isa = PBXFileReference; lastKnownFileType = sourcecode.swift; path = HomeView.swift; sourceTree = "<group>"; };
		23435C4A262AC04B005D2045 /* QuizViewModel.swift */ = {isa = PBXFileReference; lastKnownFileType = sourcecode.swift; path = QuizViewModel.swift; sourceTree = "<group>"; };
		23435C50262C0A1A005D2045 /* QuestionData.swift */ = {isa = PBXFileReference; lastKnownFileType = sourcecode.swift; path = QuestionData.swift; sourceTree = "<group>"; };
/* End PBXFileReference section */

/* Begin PBXFrameworksBuildPhase section */
		23435B4A26280C90005D2045 /* Frameworks */ = {
			isa = PBXFrameworksBuildPhase;
			buildActionMask = 2147483647;
			files = (
			);
			runOnlyForDeploymentPostprocessing = 0;
		};
/* End PBXFrameworksBuildPhase section */

/* Begin PBXGroup section */
		23435B4426280C90005D2045 = {
			isa = PBXGroup;
			children = (
				23435B4F26280C90005D2045 /* QualificationApp */,
				23435B4E26280C90005D2045 /* Products */,
			);
			sourceTree = "<group>";
		};
		23435B4E26280C90005D2045 /* Products */ = {
			isa = PBXGroup;
			children = (
				23435B4D26280C90005D2045 /* QualificationApp.app */,
			);
			name = Products;
			sourceTree = "<group>";
		};
		23435B4F26280C90005D2045 /* QualificationApp */ = {
			isa = PBXGroup;
			children = (
				23435B5026280C90005D2045 /* QualificationAppApp.swift */,
				23435C4F262C09EA005D2045 /* Data */,
				23435B8026296452005D2045 /* Model */,
				23435B642628149F005D2045 /* View */,
				23435B65262814A9005D2045 /* ViewModel */,
				23435B5426280C92005D2045 /* Assets.xcassets */,
				23435B5926280C92005D2045 /* Info.plist */,
				23435B5626280C92005D2045 /* Preview Content */,
			);
			path = QualificationApp;
			sourceTree = "<group>";
		};
		23435B5626280C92005D2045 /* Preview Content */ = {
			isa = PBXGroup;
			children = (
				23435B5726280C92005D2045 /* Preview Assets.xcassets */,
			);
			path = "Preview Content";
			sourceTree = "<group>";
		};
		23435B642628149F005D2045 /* View */ = {
			isa = PBXGroup;
			children = (
				23435B5226280C90005D2045 /* ContentView.swift */,
				23435C44262ABD4A005D2045 /* HomeView.swift */,
				23435B6026280CC2005D2045 /* QuizListView.swift */,
				23435B682628175F005D2045 /* TFQuizView.swift */,
				23435B85262A822B005D2045 /* FourQuizView.swift */,
				23435B6C26281E67005D2045 /* ExplainView.swift */,
				23435B6F26281E87005D2045 /* ScoreView.swift */,
			);
			path = View;
			sourceTree = "<group>";
		};
		23435B65262814A9005D2045 /* ViewModel */ = {
			isa = PBXGroup;
			children = (
				23435C4A262AC04B005D2045 /* QuizViewModel.swift */,
			);
			path = ViewModel;
			sourceTree = "<group>";
		};
		23435B8026296452005D2045 /* Model */ = {
			isa = PBXGroup;
			children = (
				23435B812629646C005D2045 /* QuizData.swift */,
				23435B88262A8307005D2045 /* FuncData.swift */,
				23435B8B262A8556005D2045 /* QuestionModel.swift */,
			);
			path = Model;
			sourceTree = "<group>";
		};
		23435C4F262C09EA005D2045 /* Data */ = {
			isa = PBXGroup;
			children = (
				23435C50262C0A1A005D2045 /* QuestionData.swift */,
			);
			path = Data;
			sourceTree = "<group>";
		};
/* End PBXGroup section */

/* Begin PBXNativeTarget section */
		23435B4C26280C90005D2045 /* QualificationApp */ = {
			isa = PBXNativeTarget;
			buildConfigurationList = 23435B5C26280C92005D2045 /* Build configuration list for PBXNativeTarget "QualificationApp" */;
			buildPhases = (
				23435B4926280C90005D2045 /* Sources */,
				23435B4A26280C90005D2045 /* Frameworks */,
				23435B4B26280C90005D2045 /* Resources */,
			);
			buildRules = (
			);
			dependencies = (
			);
			name = QualificationApp;
			productName = QualificationApp;
			productReference = 23435B4D26280C90005D2045 /* QualificationApp.app */;
			productType = "com.apple.product-type.application";
		};
/* End PBXNativeTarget section */

/* Begin PBXProject section */
		23435B4526280C90005D2045 /* Project object */ = {
			isa = PBXProject;
			attributes = {
				LastSwiftUpdateCheck = 1240;
				LastUpgradeCheck = 1240;
				TargetAttributes = {
					23435B4C26280C90005D2045 = {
						CreatedOnToolsVersion = 12.4;
					};
				};
			};
			buildConfigurationList = 23435B4826280C90005D2045 /* Build configuration list for PBXProject "QualificationApp" */;
			compatibilityVersion = "Xcode 9.3";
			developmentRegion = en;
			hasScannedForEncodings = 0;
			knownRegions = (
				en,
				Base,
			);
			mainGroup = 23435B4426280C90005D2045;
			productRefGroup = 23435B4E26280C90005D2045 /* Products */;
			projectDirPath = "";
			projectRoot = "";
			targets = (
				23435B4C26280C90005D2045 /* QualificationApp */,
			);
		};
/* End PBXProject section */

/* Begin PBXResourcesBuildPhase section */
		23435B4B26280C90005D2045 /* Resources */ = {
			isa = PBXResourcesBuildPhase;
			buildActionMask = 2147483647;
			files = (
				23435B5826280C92005D2045 /* Preview Assets.xcassets in Resources */,
				23435B5526280C92005D2045 /* Assets.xcassets in Resources */,
			);
			runOnlyForDeploymentPostprocessing = 0;
		};
/* End PBXResourcesBuildPhase section */

/* Begin PBXSourcesBuildPhase section */
		23435B4926280C90005D2045 /* Sources */ = {
			isa = PBXSourcesBuildPhase;
			buildActionMask = 2147483647;
			files = (
				23435B5326280C90005D2045 /* ContentView.swift in Sources */,
				23435B6D26281E67005D2045 /* ExplainView.swift in Sources */,
				23435C51262C0A1A005D2045 /* QuestionData.swift in Sources */,
				23435C45262ABD4A005D2045 /* HomeView.swift in Sources */,
				23435C4B262AC04B005D2045 /* QuizViewModel.swift in Sources */,
				23435B692628175F005D2045 /* TFQuizView.swift in Sources */,
				23435B822629646C005D2045 /* QuizData.swift in Sources */,
				23435B5126280C90005D2045 /* QualificationAppApp.swift in Sources */,
				23435B86262A822B005D2045 /* FourQuizView.swift in Sources */,
				23435B89262A8307005D2045 /* FuncData.swift in Sources */,
				23435B6126280CC2005D2045 /* QuizListView.swift in Sources */,
				23435B7026281E87005D2045 /* ScoreView.swift in Sources */,
				23435B8C262A8556005D2045 /* QuestionModel.swift in Sources */,
			);
			runOnlyForDeploymentPostprocessing = 0;
		};
/* End PBXSourcesBuildPhase section */

/* Begin XCBuildConfiguration section */
		23435B5A26280C92005D2045 /* Debug */ = {
			isa = XCBuildConfiguration;
			buildSettings = {
				ALWAYS_SEARCH_USER_PATHS = NO;
				CLANG_ANALYZER_NONNULL = YES;
				CLANG_ANALYZER_NUMBER_OBJECT_CONVERSION = YES_AGGRESSIVE;
				CLANG_CXX_LANGUAGE_STANDARD = "gnu++14";
				CLANG_CXX_LIBRARY = "libc++";
				CLANG_ENABLE_MODULES = YES;
				CLANG_ENABLE_OBJC_ARC = YES;
				CLANG_ENABLE_OBJC_WEAK = YES;
				CLANG_WARN_BLOCK_CAPTURE_AUTORELEASING = YES;
				CLANG_WARN_BOOL_CONVERSION = YES;
				CLANG_WARN_COMMA = YES;
				CLANG_WARN_CONSTANT_CONVERSION = YES;
				CLANG_WARN_DEPRECATED_OBJC_IMPLEMENTATIONS = YES;
				CLANG_WARN_DIRECT_OBJC_ISA_USAGE = YES_ERROR;
				CLANG_WARN_DOCUMENTATION_COMMENTS = YES;
				CLANG_WARN_EMPTY_BODY = YES;
				CLANG_WARN_ENUM_CONVERSION = YES;
				CLANG_WARN_INFINITE_RECURSION = YES;
				CLANG_WARN_INT_CONVERSION = YES;
				CLANG_WARN_NON_LITERAL_NULL_CONVERSION = YES;
				CLANG_WARN_OBJC_IMPLICIT_RETAIN_SELF = YES;
				CLANG_WARN_OBJC_LITERAL_CONVERSION = YES;
				CLANG_WARN_OBJC_ROOT_CLASS = YES_ERROR;
				CLANG_WARN_QUOTED_INCLUDE_IN_FRAMEWORK_HEADER = YES;
				CLANG_WARN_RANGE_LOOP_ANALYSIS = YES;
				CLANG_WARN_STRICT_PROTOTYPES = YES;
				CLANG_WARN_SUSPICIOUS_MOVE = YES;
				CLANG_WARN_UNGUARDED_AVAILABILITY = YES_AGGRESSIVE;
				CLANG_WARN_UNREACHABLE_CODE = YES;
				CLANG_WARN__DUPLICATE_METHOD_MATCH = YES;
				COPY_PHASE_STRIP = NO;
				DEBUG_INFORMATION_FORMAT = dwarf;
				ENABLE_STRICT_OBJC_MSGSEND = YES;
				ENABLE_TESTABILITY = YES;
				GCC_C_LANGUAGE_STANDARD = gnu11;
				GCC_DYNAMIC_NO_PIC = NO;
				GCC_NO_COMMON_BLOCKS = YES;
				GCC_OPTIMIZATION_LEVEL = 0;
				GCC_PREPROCESSOR_DEFINITIONS = (
					"DEBUG=1",
					"$(inherited)",
				);
				GCC_WARN_64_TO_32_BIT_CONVERSION = YES;
				GCC_WARN_ABOUT_RETURN_TYPE = YES_ERROR;
				GCC_WARN_UNDECLARED_SELECTOR = YES;
				GCC_WARN_UNINITIALIZED_AUTOS = YES_AGGRESSIVE;
				GCC_WARN_UNUSED_FUNCTION = YES;
				GCC_WARN_UNUSED_VARIABLE = YES;
				IPHONEOS_DEPLOYMENT_TARGET = 14.4;
				MTL_ENABLE_DEBUG_INFO = INCLUDE_SOURCE;
				MTL_FAST_MATH = YES;
				ONLY_ACTIVE_ARCH = YES;
				SDKROOT = iphoneos;
				SWIFT_ACTIVE_COMPILATION_CONDITIONS = DEBUG;
				SWIFT_OPTIMIZATION_LEVEL = "-Onone";
			};
			name = Debug;
		};
		23435B5B26280C92005D2045 /* Release */ = {
			isa = XCBuildConfiguration;
			buildSettings = {
				ALWAYS_SEARCH_USER_PATHS = NO;
				CLANG_ANALYZER_NONNULL = YES;
				CLANG_ANALYZER_NUMBER_OBJECT_CONVERSION = YES_AGGRESSIVE;
				CLANG_CXX_LANGUAGE_STANDARD = "gnu++14";
				CLANG_CXX_LIBRARY = "libc++";
				CLANG_ENABLE_MODULES = YES;
				CLANG_ENABLE_OBJC_ARC = YES;
				CLANG_ENABLE_OBJC_WEAK = YES;
				CLANG_WARN_BLOCK_CAPTURE_AUTORELEASING = YES;
				CLANG_WARN_BOOL_CONVERSION = YES;
				CLANG_WARN_COMMA = YES;
				CLANG_WARN_CONSTANT_CONVERSION = YES;
				CLANG_WARN_DEPRECATED_OBJC_IMPLEMENTATIONS = YES;
				CLANG_WARN_DIRECT_OBJC_ISA_USAGE = YES_ERROR;
				CLANG_WARN_DOCUMENTATION_COMMENTS = YES;
				CLANG_WARN_EMPTY_BODY = YES;
				CLANG_WARN_ENUM_CONVERSION = YES;
				CLANG_WARN_INFINITE_RECURSION = YES;
				CLANG_WARN_INT_CONVERSION = YES;
				CLANG_WARN_NON_LITERAL_NULL_CONVERSION = YES;
				CLANG_WARN_OBJC_IMPLICIT_RETAIN_SELF = YES;
				CLANG_WARN_OBJC_LITERAL_CONVERSION = YES;
				CLANG_WARN_OBJC_ROOT_CLASS = YES_ERROR;
				CLANG_WARN_QUOTED_INCLUDE_IN_FRAMEWORK_HEADER = YES;
				CLANG_WARN_RANGE_LOOP_ANALYSIS = YES;
				CLANG_WARN_STRICT_PROTOTYPES = YES;
				CLANG_WARN_SUSPICIOUS_MOVE = YES;
				CLANG_WARN_UNGUARDED_AVAILABILITY = YES_AGGRESSIVE;
				CLANG_WARN_UNREACHABLE_CODE = YES;
				CLANG_WARN__DUPLICATE_METHOD_MATCH = YES;
				COPY_PHASE_STRIP = NO;
				DEBUG_INFORMATION_FORMAT = "dwarf-with-dsym";
				ENABLE_NS_ASSERTIONS = NO;
				ENABLE_STRICT_OBJC_MSGSEND = YES;
				GCC_C_LANGUAGE_STANDARD = gnu11;
				GCC_NO_COMMON_BLOCKS = YES;
				GCC_WARN_64_TO_32_BIT_CONVERSION = YES;
				GCC_WARN_ABOUT_RETURN_TYPE = YES_ERROR;
				GCC_WARN_UNDECLARED_SELECTOR = YES;
				GCC_WARN_UNINITIALIZED_AUTOS = YES_AGGRESSIVE;
				GCC_WARN_UNUSED_FUNCTION = YES;
				GCC_WARN_UNUSED_VARIABLE = YES;
				IPHONEOS_DEPLOYMENT_TARGET = 14.4;
				MTL_ENABLE_DEBUG_INFO = NO;
				MTL_FAST_MATH = YES;
				SDKROOT = iphoneos;
				SWIFT_COMPILATION_MODE = wholemodule;
				SWIFT_OPTIMIZATION_LEVEL = "-O";
				VALIDATE_PRODUCT = YES;
			};
			name = Release;
		};
		23435B5D26280C92005D2045 /* Debug */ = {
			isa = XCBuildConfiguration;
			buildSettings = {
				ASSETCATALOG_COMPILER_APPICON_NAME = AppIcon;
				ASSETCATALOG_COMPILER_GLOBAL_ACCENT_COLOR_NAME = AccentColor;
				CODE_SIGN_STYLE = Automatic;
				DEVELOPMENT_ASSET_PATHS = "\"QualificationApp/Preview Content\"";
				DEVELOPMENT_TEAM = K22CKKW4GD;
				ENABLE_PREVIEWS = YES;
				INFOPLIST_FILE = QualificationApp/Info.plist;
				IPHONEOS_DEPLOYMENT_TARGET = 14.0;
				LD_RUNPATH_SEARCH_PATHS = (
					"$(inherited)",
					"@executable_path/Frameworks",
				);
				PRODUCT_BUNDLE_IDENTIFIER = taiki.takemura.QualificationApp;
				PRODUCT_NAME = "$(TARGET_NAME)";
				SWIFT_VERSION = 5.0;
				TARGETED_DEVICE_FAMILY = "1,2";
			};
			name = Debug;
		};
		23435B5E26280C92005D2045 /* Release */ = {
			isa = XCBuildConfiguration;
			buildSettings = {
				ASSETCATALOG_COMPILER_APPICON_NAME = AppIcon;
				ASSETCATALOG_COMPILER_GLOBAL_ACCENT_COLOR_NAME = AccentColor;
				CODE_SIGN_STYLE = Automatic;
				DEVELOPMENT_ASSET_PATHS = "\"QualificationApp/Preview Content\"";
				DEVELOPMENT_TEAM = K22CKKW4GD;
				ENABLE_PREVIEWS = YES;
				INFOPLIST_FILE = QualificationApp/Info.plist;
				IPHONEOS_DEPLOYMENT_TARGET = 14.0;
				LD_RUNPATH_SEARCH_PATHS = (
					"$(inherited)",
					"@executable_path/Frameworks",
				);
				PRODUCT_BUNDLE_IDENTIFIER = taiki.takemura.QualificationApp;
				PRODUCT_NAME = "$(TARGET_NAME)";
				SWIFT_VERSION = 5.0;
				TARGETED_DEVICE_FAMILY = "1,2";
			};
			name = Release;
		};
/* End XCBuildConfiguration section */

/* Begin XCConfigurationList section */
		23435B4826280C90005D2045 /* Build configuration list for PBXProject "QualificationApp" */ = {
			isa = XCConfigurationList;
			buildConfigurations = (
				23435B5A26280C92005D2045 /* Debug */,
				23435B5B26280C92005D2045 /* Release */,
			);
			defaultConfigurationIsVisible = 0;
			defaultConfigurationName = Release;
		};
		23435B5C26280C92005D2045 /* Build configuration list for PBXNativeTarget "QualificationApp" */ = {
			isa = XCConfigurationList;
			buildConfigurations = (
				23435B5D26280C92005D2045 /* Debug */,
				23435B5E26280C92005D2045 /* Release */,
			);
			defaultConfigurationIsVisible = 0;
			defaultConfigurationName = Release;
		};
/* End XCConfigurationList section */
	};
	rootObject = 23435B4526280C90005D2045 /* Project object */;
}
